
Microsoft Visual Studio Solution File, Format Version 12.00
# Visual Studio Version 17
VisualStudioVersion = 17.0.31903.59
MinimumVisualStudioVersion = 10.0.40219.1
Project("{9A19103F-16F7-4668-BE54-9A1E7A4F7556}") = "RestaurantAPI", "RestaurantAPI\RestaurantAPI.csproj", "{F20EBB89-A1E8-40FE-B862-802874EA6164}"
EndProject
Project("{9A19103F-16F7-4668-BE54-9A1E7A4F7556}") = "RestaurantAPI.IntegrationTests", "RestaurantAPI.IntegrationTests\RestaurantAPI.IntegrationTests.csproj", "{DB0E68D8-BB3F-4E11-AECD-76CE376A4925}"
EndProject
Global
	GlobalSection(SolutionConfigurationPlatforms) = preSolution
		Debug|Any CPU = Debug|Any CPU
		Release|Any CPU = Release|Any CPU
	EndGlobalSection
	GlobalSection(ProjectConfigurationPlatforms) = postSolution
		{F20EBB89-A1E8-40FE-B862-802874EA6164}.Debug|Any CPU.ActiveCfg = Debug|Any CPU
		{F20EBB89-A1E8-40FE-B862-802874EA6164}.Debug|Any CPU.Build.0 = Debug|Any CPU
		{F20EBB89-A1E8-40FE-B862-802874EA6164}.Release|Any CPU.ActiveCfg = Release|Any CPU
		{F20EBB89-A1E8-40FE-B862-802874EA6164}.Release|Any CPU.Build.0 = Release|Any CPU
		{DB0E68D8-BB3F-4E11-AECD-76CE376A4925}.Debug|Any CPU.ActiveCfg = Debug|Any CPU
		{DB0E68D8-BB3F-4E11-AECD-76CE376A4925}.Debug|Any CPU.Build.0 = Debug|Any CPU
		{DB0E68D8-BB3F-4E11-AECD-76CE376A4925}.Release|Any CPU.ActiveCfg = Release|Any CPU
		{DB0E68D8-BB3F-4E11-AECD-76CE376A4925}.Release|Any CPU.Build.0 = Release|Any CPU
	EndGlobalSection
	GlobalSection(SolutionProperties) = preSolution
		HideSolutionNode = FALSE
	EndGlobalSection
EndGlobal
